
Microsoft Visual Studio Solution File, Format Version 12.00
# Visual Studio 15
VisualStudioVersion = 15.0.27703.2026
MinimumVisualStudioVersion = 10.0.40219.1
Project("{FAE04EC0-301F-11D3-BF4B-00C04F79EFBC}") = "ARCX.Core", "ARCX.Core\ARCX.Core.csproj", "{7B549050-6C58-4C2C-9C5A-D0429E0D2A39}"
EndProject
Project("{FAE04EC0-301F-11D3-BF4B-00C04F79EFBC}") = "ARCX.Core.Tests", "ARCX.Core.Tests\ARCX.Core.Tests.csproj", "{2ECC1286-3C45-46DE-ABD0-634035416128}"
EndProject
Project("{FAE04EC0-301F-11D3-BF4B-00C04F79EFBC}") = "ARCX-CLI", "ARCX-CLI\ARCX-CLI.csproj", "{B0ACF086-E856-4C96-BCBB-9AF964B0602F}"
EndProject
Project("{FAE04EC0-301F-11D3-BF4B-00C04F79EFBC}") = "ARCX.FileSystemLoader", "ARCX.FileSystemLoader\ARCX.FileSystemLoader.csproj", "{E256D0AF-D2CE-488B-A74A-3556C582D220}"
EndProject
Project("{FAE04EC0-301F-11D3-BF4B-00C04F79EFBC}") = "ARCX.FileSystem.Patcher", "ARCX.FileSystem.Patcher\ARCX.FileSystem.Patcher.csproj", "{67D61E08-4239-435C-9783-09E7FC8D665A}"
EndProject
Global
	GlobalSection(SolutionConfigurationPlatforms) = preSolution
		Debug|Any CPU = Debug|Any CPU
		Release|Any CPU = Release|Any CPU
	EndGlobalSection
	GlobalSection(ProjectConfigurationPlatforms) = postSolution
		{7B549050-6C58-4C2C-9C5A-D0429E0D2A39}.Debug|Any CPU.ActiveCfg = Debug|Any CPU
		{7B549050-6C58-4C2C-9C5A-D0429E0D2A39}.Debug|Any CPU.Build.0 = Debug|Any CPU
		{7B549050-6C58-4C2C-9C5A-D0429E0D2A39}.Release|Any CPU.ActiveCfg = Release|Any CPU
		{7B549050-6C58-4C2C-9C5A-D0429E0D2A39}.Release|Any CPU.Build.0 = Release|Any CPU
		{2ECC1286-3C45-46DE-ABD0-634035416128}.Debug|Any CPU.ActiveCfg = Debug|Any CPU
		{2ECC1286-3C45-46DE-ABD0-634035416128}.Debug|Any CPU.Build.0 = Debug|Any CPU
		{2ECC1286-3C45-46DE-ABD0-634035416128}.Release|Any CPU.ActiveCfg = Release|Any CPU
		{2ECC1286-3C45-46DE-ABD0-634035416128}.Release|Any CPU.Build.0 = Release|Any CPU
		{B0ACF086-E856-4C96-BCBB-9AF964B0602F}.Debug|Any CPU.ActiveCfg = Debug|Any CPU
		{B0ACF086-E856-4C96-BCBB-9AF964B0602F}.Debug|Any CPU.Build.0 = Debug|Any CPU
		{B0ACF086-E856-4C96-BCBB-9AF964B0602F}.Release|Any CPU.ActiveCfg = Release|Any CPU
		{B0ACF086-E856-4C96-BCBB-9AF964B0602F}.Release|Any CPU.Build.0 = Release|Any CPU
		{E256D0AF-D2CE-488B-A74A-3556C582D220}.Debug|Any CPU.ActiveCfg = Debug|Any CPU
		{E256D0AF-D2CE-488B-A74A-3556C582D220}.Debug|Any CPU.Build.0 = Debug|Any CPU
		{E256D0AF-D2CE-488B-A74A-3556C582D220}.Release|Any CPU.ActiveCfg = Release|Any CPU
		{E256D0AF-D2CE-488B-A74A-3556C582D220}.Release|Any CPU.Build.0 = Release|Any CPU
		{67D61E08-4239-435C-9783-09E7FC8D665A}.Debug|Any CPU.ActiveCfg = Debug|Any CPU
		{67D61E08-4239-435C-9783-09E7FC8D665A}.Debug|Any CPU.Build.0 = Debug|Any CPU
		{67D61E08-4239-435C-9783-09E7FC8D665A}.Release|Any CPU.ActiveCfg = Release|Any CPU
		{67D61E08-4239-435C-9783-09E7FC8D665A}.Release|Any CPU.Build.0 = Release|Any CPU
	EndGlobalSection
	GlobalSection(SolutionProperties) = preSolution
		HideSolutionNode = FALSE
	EndGlobalSection
	GlobalSection(ExtensibilityGlobals) = postSolution
		SolutionGuid = {3109B07E-1EE7-4690-B8D6-6DAD95544C5D}
	EndGlobalSection
EndGlobal
